
Microsoft Visual Studio Solution File, Format Version 12.00
# Visual Studio Version 16
VisualStudioVersion = 16.0.34301.259
MinimumVisualStudioVersion = 10.0.40219.1
Project("{FAE04EC0-301F-11D3-BF4B-00C04F79EFBC}") = "test", "test\test.csproj", "{F99977BA-6999-44DA-B2AA-7010B449A85F}"
EndProject
Project("{FAE04EC0-301F-11D3-BF4B-00C04F79EFBC}") = "ConsoleApp1", "ConsoleApp1\ConsoleApp1.csproj", "{050668BA-2D31-4F9A-8759-FF8875AE5DFD}"
EndProject
Project("{FAE04EC0-301F-11D3-BF4B-00C04F79EFBC}") = "macskak", "macskak\macskak.csproj", "{3F71E43A-AC62-4C7A-B5BB-FD500E70CD99}"
EndProject
Project("{FAE04EC0-301F-11D3-BF4B-00C04F79EFBC}") = "logika", "logika\logika.csproj", "{2C3474AF-26FA-4775-AE9E-FF8BE6C335B6}"
EndProject
Global
	GlobalSection(SolutionConfigurationPlatforms) = preSolution
		Debug|Any CPU = Debug|Any CPU
		Release|Any CPU = Release|Any CPU
	EndGlobalSection
	GlobalSection(ProjectConfigurationPlatforms) = postSolution
		{F99977BA-6999-44DA-B2AA-7010B449A85F}.Debug|Any CPU.ActiveCfg = Debug|Any CPU
		{F99977BA-6999-44DA-B2AA-7010B449A85F}.Debug|Any CPU.Build.0 = Debug|Any CPU
		{F99977BA-6999-44DA-B2AA-7010B449A85F}.Release|Any CPU.ActiveCfg = Release|Any CPU
		{F99977BA-6999-44DA-B2AA-7010B449A85F}.Release|Any CPU.Build.0 = Release|Any CPU
		{050668BA-2D31-4F9A-8759-FF8875AE5DFD}.Debug|Any CPU.ActiveCfg = Debug|Any CPU
		{050668BA-2D31-4F9A-8759-FF8875AE5DFD}.Debug|Any CPU.Build.0 = Debug|Any CPU
		{050668BA-2D31-4F9A-8759-FF8875AE5DFD}.Release|Any CPU.ActiveCfg = Release|Any CPU
		{050668BA-2D31-4F9A-8759-FF8875AE5DFD}.Release|Any CPU.Build.0 = Release|Any CPU
		{3F71E43A-AC62-4C7A-B5BB-FD500E70CD99}.Debug|Any CPU.ActiveCfg = Debug|Any CPU
		{3F71E43A-AC62-4C7A-B5BB-FD500E70CD99}.Debug|Any CPU.Build.0 = Debug|Any CPU
		{3F71E43A-AC62-4C7A-B5BB-FD500E70CD99}.Release|Any CPU.ActiveCfg = Release|Any CPU
		{3F71E43A-AC62-4C7A-B5BB-FD500E70CD99}.Release|Any CPU.Build.0 = Release|Any CPU
		{2C3474AF-26FA-4775-AE9E-FF8BE6C335B6}.Debug|Any CPU.ActiveCfg = Debug|Any CPU
		{2C3474AF-26FA-4775-AE9E-FF8BE6C335B6}.Debug|Any CPU.Build.0 = Debug|Any CPU
		{2C3474AF-26FA-4775-AE9E-FF8BE6C335B6}.Release|Any CPU.ActiveCfg = Release|Any CPU
		{2C3474AF-26FA-4775-AE9E-FF8BE6C335B6}.Release|Any CPU.Build.0 = Release|Any CPU
	EndGlobalSection
	GlobalSection(SolutionProperties) = preSolution
		HideSolutionNode = FALSE
	EndGlobalSection
	GlobalSection(ExtensibilityGlobals) = postSolution
		SolutionGuid = {B82CA523-8ABD-4DBD-8D7E-FC48209AF3CC}
	EndGlobalSection
EndGlobal
